
Microsoft Visual Studio Solution File, Format Version 12.00
# Visual Studio 15
VisualStudioVersion = 15.0.28307.102
MinimumVisualStudioVersion = 10.0.40219.1
Project("{FAE04EC0-301F-11D3-BF4B-00C04F79EFBC}") = "day3a", "day3a\day3a.csproj", "{36E7CBB7-2879-4B0F-8B0C-DC52E5AF5C17}"
EndProject
Project("{FAE04EC0-301F-11D3-BF4B-00C04F79EFBC}") = "day3b", "day3b\day3b.csproj", "{760AB828-1362-414E-977F-FCBCFF358780}"
EndProject
Global
	GlobalSection(SolutionConfigurationPlatforms) = preSolution
		Debug|Any CPU = Debug|Any CPU
		Release|Any CPU = Release|Any CPU
	EndGlobalSection
	GlobalSection(ProjectConfigurationPlatforms) = postSolution
		{36E7CBB7-2879-4B0F-8B0C-DC52E5AF5C17}.Debug|Any CPU.ActiveCfg = Debug|Any CPU
		{36E7CBB7-2879-4B0F-8B0C-DC52E5AF5C17}.Debug|Any CPU.Build.0 = Debug|Any CPU
		{36E7CBB7-2879-4B0F-8B0C-DC52E5AF5C17}.Release|Any CPU.ActiveCfg = Release|Any CPU
		{36E7CBB7-2879-4B0F-8B0C-DC52E5AF5C17}.Release|Any CPU.Build.0 = Release|Any CPU
		{760AB828-1362-414E-977F-FCBCFF358780}.Debug|Any CPU.ActiveCfg = Debug|Any CPU
		{760AB828-1362-414E-977F-FCBCFF358780}.Debug|Any CPU.Build.0 = Debug|Any CPU
		{760AB828-1362-414E-977F-FCBCFF358780}.Release|Any CPU.ActiveCfg = Release|Any CPU
		{760AB828-1362-414E-977F-FCBCFF358780}.Release|Any CPU.Build.0 = Release|Any CPU
	EndGlobalSection
	GlobalSection(SolutionProperties) = preSolution
		HideSolutionNode = FALSE
	EndGlobalSection
	GlobalSection(ExtensibilityGlobals) = postSolution
		SolutionGuid = {79E1AB09-A594-4165-A994-206CED97F8CD}
	EndGlobalSection
EndGlobal
