
Microsoft Visual Studio Solution File, Format Version 12.00
# Visual Studio 15
VisualStudioVersion = 15.0.28307.168
MinimumVisualStudioVersion = 10.0.40219.1
Project("{F2A71F9B-5D33-465A-A702-920D77279786}") = "day13a", "day13a\day13a.fsproj", "{42F5ACE1-677C-4409-9C48-FA1AB3950AFD}"
EndProject
Global
	GlobalSection(SolutionConfigurationPlatforms) = preSolution
		Debug|Any CPU = Debug|Any CPU
		Release|Any CPU = Release|Any CPU
	EndGlobalSection
	GlobalSection(ProjectConfigurationPlatforms) = postSolution
		{42F5ACE1-677C-4409-9C48-FA1AB3950AFD}.Debug|Any CPU.ActiveCfg = Debug|Any CPU
		{42F5ACE1-677C-4409-9C48-FA1AB3950AFD}.Debug|Any CPU.Build.0 = Debug|Any CPU
		{42F5ACE1-677C-4409-9C48-FA1AB3950AFD}.Release|Any CPU.ActiveCfg = Release|Any CPU
		{42F5ACE1-677C-4409-9C48-FA1AB3950AFD}.Release|Any CPU.Build.0 = Release|Any CPU
	EndGlobalSection
	GlobalSection(SolutionProperties) = preSolution
		HideSolutionNode = FALSE
	EndGlobalSection
	GlobalSection(ExtensibilityGlobals) = postSolution
		SolutionGuid = {892780E5-1A56-4040-968F-6DAA88291F48}
	EndGlobalSection
EndGlobal
