
Microsoft Visual Studio Solution File, Format Version 12.00
# Visual Studio 15
VisualStudioVersion = 15.0.28307.102
MinimumVisualStudioVersion = 10.0.40219.1
Project("{FAE04EC0-301F-11D3-BF4B-00C04F79EFBC}") = "day10", "day10\day10.csproj", "{5D26714F-068A-45A5-A551-02BC06BA6B20}"
EndProject
Global
	GlobalSection(SolutionConfigurationPlatforms) = preSolution
		Debug|Any CPU = Debug|Any CPU
		Release|Any CPU = Release|Any CPU
	EndGlobalSection
	GlobalSection(ProjectConfigurationPlatforms) = postSolution
		{5D26714F-068A-45A5-A551-02BC06BA6B20}.Debug|Any CPU.ActiveCfg = Debug|Any CPU
		{5D26714F-068A-45A5-A551-02BC06BA6B20}.Debug|Any CPU.Build.0 = Debug|Any CPU
		{5D26714F-068A-45A5-A551-02BC06BA6B20}.Release|Any CPU.ActiveCfg = Release|Any CPU
		{5D26714F-068A-45A5-A551-02BC06BA6B20}.Release|Any CPU.Build.0 = Release|Any CPU
	EndGlobalSection
	GlobalSection(SolutionProperties) = preSolution
		HideSolutionNode = FALSE
	EndGlobalSection
	GlobalSection(ExtensibilityGlobals) = postSolution
		SolutionGuid = {1A94BA09-A17F-476F-8A6B-38D0B6CD8463}
	EndGlobalSection
EndGlobal
